{
  "name": "w1",
  "version": "1.0.0",
  "lockfileVersion": 3,
  "requires": true,
  "packages": {
    "": {
      "name": "w1",
      "version": "1.0.0",
      "license": "ISC",
      "dependencies": {
        "huh": "^2.0.1",
        "porn": "^0.0.1"
      }
    },
    "node_modules/huh": {
      "version": "2.0.1",
      "resolved": "https://registry.npmjs.org/huh/-/huh-2.0.1.tgz",
      "integrity": "sha512-GR5YcN2pPwS6aSCwZfAlzcBQVzLnTEp1o723gzT0JHh/CjzB2yD5gFwzFlVSGu6Ru9G+Az5jTKrrSPBAugjslA==",
      "license": "MIT",
      "bin": {
        "huh": "bin/huh"
      }
    },
    "node_modules/porn": {
      "version": "0.0.1",
      "resolved": "https://registry.npmjs.org/porn/-/porn-0.0.1.tgz",
      "integrity": "sha512-DLBlms/lH0sJE3RHUcyaF7OcScm24c+cM2I8BJbWrnZTCTAtQhgf9lJ1f+n8o2GnLxS1km7GarCzs0RN7FZfFQ==",
      "license": "ISC"
    }
  }
}
